
Microsoft Visual Studio Solution File, Format Version 12.00
# Visual Studio Version 17
VisualStudioVersion = 17.2.32630.192
MinimumVisualStudioVersion = 10.0.40219.1
Project("{9A19103F-16F7-4668-BE54-9A1E7A4F7556}") = "F10Y.L0005.Construction", "F10Y.L0005.Construction\F10Y.L0005.Construction.csproj", "{B1D4FEB5-9CB0-4F09-A679-4E441A3B621F}"
EndProject
Project("{9A19103F-16F7-4668-BE54-9A1E7A4F7556}") = "F10Y.L0005", "F10Y.L0005\F10Y.L0005.csproj", "{5DAC03DB-B9CE-4795-9CA6-36E55C4477A1}"
EndProject
Project("{2150E333-8FDC-42A3-9474-1A3956D46DE8}") = "_Dependencies", "_Dependencies", "{128F49B5-2798-4D5D-9C43-89E443157DBD}"
EndProject
Project("{9A19103F-16F7-4668-BE54-9A1E7A4F7556}") = "F10Y.L0000", "..\..\F10Y.L0000\source\F10Y.L0000\F10Y.L0000.csproj", "{FE53D6AF-9A5C-4CEB-A20A-CBD04FDE6049}"
EndProject
Project("{9A19103F-16F7-4668-BE54-9A1E7A4F7556}") = "F10Y.T0000", "..\..\F10Y.T0000\source\F10Y.T0000\F10Y.T0000.csproj", "{1C31ADD1-6EF8-465F-9DAD-3F367E2D8681}"
EndProject
Project("{9A19103F-16F7-4668-BE54-9A1E7A4F7556}") = "F10Y.T0001", "..\..\F10Y.T0001\source\F10Y.T0001\F10Y.T0001.csproj", "{0ADEAE6B-6732-4621-9FF0-07A531961B36}"
EndProject
Project("{9A19103F-16F7-4668-BE54-9A1E7A4F7556}") = "F10Y.T0002", "..\..\F10Y.T0002\source\F10Y.T0002\F10Y.T0002.csproj", "{B68F118B-0246-48BB-86B4-6074C75A8F69}"
EndProject
Project("{9A19103F-16F7-4668-BE54-9A1E7A4F7556}") = "F10Y.T0003", "..\..\F10Y.T0003\source\F10Y.T0003\F10Y.T0003.csproj", "{826197AF-9E51-4846-971E-E3F34F300408}"
EndProject
Project("{9A19103F-16F7-4668-BE54-9A1E7A4F7556}") = "F10Y.T0004", "..\..\F10Y.T0004\source\F10Y.T0004\F10Y.T0004.csproj", "{89F198B6-ACFF-4211-A6EE-76E06EE09E19}"
EndProject
Project("{9A19103F-16F7-4668-BE54-9A1E7A4F7556}") = "F10Y.T0011", "..\..\F10Y.T0011\source\F10Y.T0011\F10Y.T0011.csproj", "{BA0EC87F-0759-4918-976E-212228B28B0F}"
EndProject
Project("{9A19103F-16F7-4668-BE54-9A1E7A4F7556}") = "F10Y.Y0000", "..\..\F10Y.Y0000\source\F10Y.Y0000\F10Y.Y0000.csproj", "{C98F4FD4-B138-4DF5-A55D-0AC11A133EA5}"
EndProject
Project("{9A19103F-16F7-4668-BE54-9A1E7A4F7556}") = "F10Y.L0005.T001", "F10Y.L0005.T001\F10Y.L0005.T001.csproj", "{4230611F-3F7A-491F-BEA5-03BF245F28B9}"
EndProject
Project("{9A19103F-16F7-4668-BE54-9A1E7A4F7556}") = "F10Y.L0001.T000", "..\..\F10Y.L0001\source\F10Y.L0001.T000\F10Y.L0001.T000.csproj", "{7469A90D-02BC-4CB3-B416-A2E432FD4FB3}"
EndProject
Project("{9A19103F-16F7-4668-BE54-9A1E7A4F7556}") = "F10Y.T0009", "..\..\F10Y.T0009\source\F10Y.T0009\F10Y.T0009.csproj", "{F2F2B323-6B52-4AB5-8A46-4F52B320091E}"
EndProject
Project("{9A19103F-16F7-4668-BE54-9A1E7A4F7556}") = "F10Y.L0001.L001", "..\..\F10Y.L0001\source\F10Y.L0001.L001\F10Y.L0001.L001.csproj", "{DF37124E-D627-442A-98F1-203910315EA6}"
EndProject
Project("{9A19103F-16F7-4668-BE54-9A1E7A4F7556}") = "F10Y.L0001.Z000", "..\..\F10Y.L0001\source\F10Y.L0001.Z000\F10Y.L0001.Z000.csproj", "{A1603AE1-D28A-4A2E-95D0-DA8300D7CE0D}"
EndProject
Project("{9A19103F-16F7-4668-BE54-9A1E7A4F7556}") = "F10Y.L0001", "..\..\F10Y.L0001\source\F10Y.L0001\F10Y.L0001.csproj", "{0392B0D0-1D8D-46B4-8509-2B51888C5F65}"
EndProject
Project("{9A19103F-16F7-4668-BE54-9A1E7A4F7556}") = "F10Y.L0001.L000", "..\..\F10Y.L0001\source\F10Y.L0001.L000\F10Y.L0001.L000.csproj", "{3D5620A3-9FD2-4733-A891-BA235D9B789A}"
EndProject
Project("{9A19103F-16F7-4668-BE54-9A1E7A4F7556}") = "F10Y.L0001.L002", "..\..\F10Y.L0001\source\F10Y.L0001.L002\F10Y.L0001.L002.csproj", "{8CC2A85D-077F-457A-BBDE-088BDA5845FD}"
EndProject
Project("{9A19103F-16F7-4668-BE54-9A1E7A4F7556}") = "F10Y.L0001.L003", "..\..\F10Y.L0001\source\F10Y.L0001.L003\F10Y.L0001.L003.csproj", "{F6A34B90-BC2B-4E90-BDAE-CCE0F2795B1E}"
EndProject
Project("{9A19103F-16F7-4668-BE54-9A1E7A4F7556}") = "F10Y.L0001.X000", "..\..\F10Y.L0001\source\F10Y.L0001.X000\F10Y.L0001.X000.csproj", "{9515BC65-1A3C-4A57-B001-EFAA99F56377}"
EndProject
Project("{9A19103F-16F7-4668-BE54-9A1E7A4F7556}") = "F10Y.L0003.L001", "..\..\F10Y.L0003\source\F10Y.L0003.L001\F10Y.L0003.L001.csproj", "{DBF81B9A-ECFA-46F8-B3C4-09871A8D9BAD}"
EndProject
Project("{9A19103F-16F7-4668-BE54-9A1E7A4F7556}") = "F10Y.L0003", "..\..\F10Y.L0003\source\F10Y.L0003\F10Y.L0003.csproj", "{786509FF-E62A-4C53-BC5B-B7416356951A}"
EndProject
Project("{9A19103F-16F7-4668-BE54-9A1E7A4F7556}") = "F10Y.L0005.T000", "F10Y.L0005.T000\F10Y.L0005.T000.csproj", "{39AF717C-316A-421F-9874-5174674D1B72}"
EndProject
Project("{9A19103F-16F7-4668-BE54-9A1E7A4F7556}") = "F10Y.L0005.L001", "F10Y.L0005.L001\F10Y.L0005.L001.csproj", "{EF0614B0-C84A-4E5F-9B4C-08EE9A78432F}"
EndProject
Project("{9A19103F-16F7-4668-BE54-9A1E7A4F7556}") = "F10Y.L0005.L002", "F10Y.L0005.L002\F10Y.L0005.L002.csproj", "{ECCEBF0B-F817-43EF-836A-9C9704D55EE4}"
EndProject
Project("{9A19103F-16F7-4668-BE54-9A1E7A4F7556}") = "F10Y.NG0009", "..\..\F10Y.NG0009\source\F10Y.NG0009\F10Y.NG0009.csproj", "{323CC79F-7EE1-4DF6-8D57-9A56D3A3CDDD}"
EndProject
Project("{9A19103F-16F7-4668-BE54-9A1E7A4F7556}") = "F10Y.T0016", "..\..\F10Y.T0016\source\F10Y.T0016\F10Y.T0016.csproj", "{FF167193-85B6-41B5-8B4B-F8BF5D584843}"
EndProject
Project("{9A19103F-16F7-4668-BE54-9A1E7A4F7556}") = "F10Y.NG0008", "..\..\F10Y.NG0008\source\F10Y.NG0008\F10Y.NG0008.csproj", "{AB7FFD2E-DC2D-4A08-8003-11C22C3F59C6}"
EndProject
Project("{9A19103F-16F7-4668-BE54-9A1E7A4F7556}") = "F10Y.L0005.T002", "F10Y.L0005.T002\F10Y.L0005.T002.csproj", "{B5BA5A55-07EE-4AFB-A3AC-D7045BAD37D7}"
EndProject
Global
	GlobalSection(NestedProjects) = preSolution
		{FE53D6AF-9A5C-4CEB-A20A-CBD04FDE6049} = {128F49B5-2798-4D5D-9C43-89E443157DBD}
		{1C31ADD1-6EF8-465F-9DAD-3F367E2D8681} = {128F49B5-2798-4D5D-9C43-89E443157DBD}
		{0ADEAE6B-6732-4621-9FF0-07A531961B36} = {128F49B5-2798-4D5D-9C43-89E443157DBD}
		{B68F118B-0246-48BB-86B4-6074C75A8F69} = {128F49B5-2798-4D5D-9C43-89E443157DBD}
		{826197AF-9E51-4846-971E-E3F34F300408} = {128F49B5-2798-4D5D-9C43-89E443157DBD}
		{89F198B6-ACFF-4211-A6EE-76E06EE09E19} = {128F49B5-2798-4D5D-9C43-89E443157DBD}
		{BA0EC87F-0759-4918-976E-212228B28B0F} = {128F49B5-2798-4D5D-9C43-89E443157DBD}
		{C98F4FD4-B138-4DF5-A55D-0AC11A133EA5} = {128F49B5-2798-4D5D-9C43-89E443157DBD}
		{7469A90D-02BC-4CB3-B416-A2E432FD4FB3} = {128F49B5-2798-4D5D-9C43-89E443157DBD}
		{F2F2B323-6B52-4AB5-8A46-4F52B320091E} = {128F49B5-2798-4D5D-9C43-89E443157DBD}
		{DF37124E-D627-442A-98F1-203910315EA6} = {128F49B5-2798-4D5D-9C43-89E443157DBD}
		{A1603AE1-D28A-4A2E-95D0-DA8300D7CE0D} = {128F49B5-2798-4D5D-9C43-89E443157DBD}
		{0392B0D0-1D8D-46B4-8509-2B51888C5F65} = {128F49B5-2798-4D5D-9C43-89E443157DBD}
		{3D5620A3-9FD2-4733-A891-BA235D9B789A} = {128F49B5-2798-4D5D-9C43-89E443157DBD}
		{8CC2A85D-077F-457A-BBDE-088BDA5845FD} = {128F49B5-2798-4D5D-9C43-89E443157DBD}
		{F6A34B90-BC2B-4E90-BDAE-CCE0F2795B1E} = {128F49B5-2798-4D5D-9C43-89E443157DBD}
		{9515BC65-1A3C-4A57-B001-EFAA99F56377} = {128F49B5-2798-4D5D-9C43-89E443157DBD}
		{DBF81B9A-ECFA-46F8-B3C4-09871A8D9BAD} = {128F49B5-2798-4D5D-9C43-89E443157DBD}
		{786509FF-E62A-4C53-BC5B-B7416356951A} = {128F49B5-2798-4D5D-9C43-89E443157DBD}
		{323CC79F-7EE1-4DF6-8D57-9A56D3A3CDDD} = {128F49B5-2798-4D5D-9C43-89E443157DBD}
		{FF167193-85B6-41B5-8B4B-F8BF5D584843} = {128F49B5-2798-4D5D-9C43-89E443157DBD}
		{AB7FFD2E-DC2D-4A08-8003-11C22C3F59C6} = {128F49B5-2798-4D5D-9C43-89E443157DBD}
	EndGlobalSection
	GlobalSection(SolutionConfigurationPlatforms) = preSolution
		Debug|Any CPU = Debug|Any CPU
		Release|Any CPU = Release|Any CPU
	EndGlobalSection
	GlobalSection(ProjectConfigurationPlatforms) = postSolution
		{B1D4FEB5-9CB0-4F09-A679-4E441A3B621F}.Debug|Any CPU.ActiveCfg = Debug|Any CPU
		{B1D4FEB5-9CB0-4F09-A679-4E441A3B621F}.Debug|Any CPU.Build.0 = Debug|Any CPU
		{B1D4FEB5-9CB0-4F09-A679-4E441A3B621F}.Release|Any CPU.ActiveCfg = Release|Any CPU
		{B1D4FEB5-9CB0-4F09-A679-4E441A3B621F}.Release|Any CPU.Build.0 = Release|Any CPU
		{5DAC03DB-B9CE-4795-9CA6-36E55C4477A1}.Debug|Any CPU.ActiveCfg = Debug|Any CPU
		{5DAC03DB-B9CE-4795-9CA6-36E55C4477A1}.Debug|Any CPU.Build.0 = Debug|Any CPU
		{5DAC03DB-B9CE-4795-9CA6-36E55C4477A1}.Release|Any CPU.ActiveCfg = Release|Any CPU
		{5DAC03DB-B9CE-4795-9CA6-36E55C4477A1}.Release|Any CPU.Build.0 = Release|Any CPU
		{FE53D6AF-9A5C-4CEB-A20A-CBD04FDE6049}.Debug|Any CPU.ActiveCfg = Debug|Any CPU
		{FE53D6AF-9A5C-4CEB-A20A-CBD04FDE6049}.Debug|Any CPU.Build.0 = Debug|Any CPU
		{FE53D6AF-9A5C-4CEB-A20A-CBD04FDE6049}.Release|Any CPU.ActiveCfg = Release|Any CPU
		{FE53D6AF-9A5C-4CEB-A20A-CBD04FDE6049}.Release|Any CPU.Build.0 = Release|Any CPU
		{1C31ADD1-6EF8-465F-9DAD-3F367E2D8681}.Debug|Any CPU.ActiveCfg = Debug|Any CPU
		{1C31ADD1-6EF8-465F-9DAD-3F367E2D8681}.Debug|Any CPU.Build.0 = Debug|Any CPU
		{1C31ADD1-6EF8-465F-9DAD-3F367E2D8681}.Release|Any CPU.ActiveCfg = Release|Any CPU
		{1C31ADD1-6EF8-465F-9DAD-3F367E2D8681}.Release|Any CPU.Build.0 = Release|Any CPU
		{0ADEAE6B-6732-4621-9FF0-07A531961B36}.Debug|Any CPU.ActiveCfg = Debug|Any CPU
		{0ADEAE6B-6732-4621-9FF0-07A531961B36}.Debug|Any CPU.Build.0 = Debug|Any CPU
		{0ADEAE6B-6732-4621-9FF0-07A531961B36}.Release|Any CPU.ActiveCfg = Release|Any CPU
		{0ADEAE6B-6732-4621-9FF0-07A531961B36}.Release|Any CPU.Build.0 = Release|Any CPU
		{B68F118B-0246-48BB-86B4-6074C75A8F69}.Debug|Any CPU.ActiveCfg = Debug|Any CPU
		{B68F118B-0246-48BB-86B4-6074C75A8F69}.Debug|Any CPU.Build.0 = Debug|Any CPU
		{B68F118B-0246-48BB-86B4-6074C75A8F69}.Release|Any CPU.ActiveCfg = Release|Any CPU
		{B68F118B-0246-48BB-86B4-6074C75A8F69}.Release|Any CPU.Build.0 = Release|Any CPU
		{826197AF-9E51-4846-971E-E3F34F300408}.Debug|Any CPU.ActiveCfg = Debug|Any CPU
		{826197AF-9E51-4846-971E-E3F34F300408}.Debug|Any CPU.Build.0 = Debug|Any CPU
		{826197AF-9E51-4846-971E-E3F34F300408}.Release|Any CPU.ActiveCfg = Release|Any CPU
		{826197AF-9E51-4846-971E-E3F34F300408}.Release|Any CPU.Build.0 = Release|Any CPU
		{89F198B6-ACFF-4211-A6EE-76E06EE09E19}.Debug|Any CPU.ActiveCfg = Debug|Any CPU
		{89F198B6-ACFF-4211-A6EE-76E06EE09E19}.Debug|Any CPU.Build.0 = Debug|Any CPU
		{89F198B6-ACFF-4211-A6EE-76E06EE09E19}.Release|Any CPU.ActiveCfg = Release|Any CPU
		{89F198B6-ACFF-4211-A6EE-76E06EE09E19}.Release|Any CPU.Build.0 = Release|Any CPU
		{BA0EC87F-0759-4918-976E-212228B28B0F}.Debug|Any CPU.ActiveCfg = Debug|Any CPU
		{BA0EC87F-0759-4918-976E-212228B28B0F}.Debug|Any CPU.Build.0 = Debug|Any CPU
		{BA0EC87F-0759-4918-976E-212228B28B0F}.Release|Any CPU.ActiveCfg = Release|Any CPU
		{BA0EC87F-0759-4918-976E-212228B28B0F}.Release|Any CPU.Build.0 = Release|Any CPU
		{C98F4FD4-B138-4DF5-A55D-0AC11A133EA5}.Debug|Any CPU.ActiveCfg = Debug|Any CPU
		{C98F4FD4-B138-4DF5-A55D-0AC11A133EA5}.Debug|Any CPU.Build.0 = Debug|Any CPU
		{C98F4FD4-B138-4DF5-A55D-0AC11A133EA5}.Release|Any CPU.ActiveCfg = Release|Any CPU
		{C98F4FD4-B138-4DF5-A55D-0AC11A133EA5}.Release|Any CPU.Build.0 = Release|Any CPU
		{4230611F-3F7A-491F-BEA5-03BF245F28B9}.Debug|Any CPU.ActiveCfg = Debug|Any CPU
		{4230611F-3F7A-491F-BEA5-03BF245F28B9}.Debug|Any CPU.Build.0 = Debug|Any CPU
		{4230611F-3F7A-491F-BEA5-03BF245F28B9}.Release|Any CPU.ActiveCfg = Release|Any CPU
		{4230611F-3F7A-491F-BEA5-03BF245F28B9}.Release|Any CPU.Build.0 = Release|Any CPU
		{7469A90D-02BC-4CB3-B416-A2E432FD4FB3}.Debug|Any CPU.ActiveCfg = Debug|Any CPU
		{7469A90D-02BC-4CB3-B416-A2E432FD4FB3}.Debug|Any CPU.Build.0 = Debug|Any CPU
		{7469A90D-02BC-4CB3-B416-A2E432FD4FB3}.Release|Any CPU.ActiveCfg = Release|Any CPU
		{7469A90D-02BC-4CB3-B416-A2E432FD4FB3}.Release|Any CPU.Build.0 = Release|Any CPU
		{F2F2B323-6B52-4AB5-8A46-4F52B320091E}.Debug|Any CPU.ActiveCfg = Debug|Any CPU
		{F2F2B323-6B52-4AB5-8A46-4F52B320091E}.Debug|Any CPU.Build.0 = Debug|Any CPU
		{F2F2B323-6B52-4AB5-8A46-4F52B320091E}.Release|Any CPU.ActiveCfg = Release|Any CPU
		{F2F2B323-6B52-4AB5-8A46-4F52B320091E}.Release|Any CPU.Build.0 = Release|Any CPU
		{DF37124E-D627-442A-98F1-203910315EA6}.Debug|Any CPU.ActiveCfg = Debug|Any CPU
		{DF37124E-D627-442A-98F1-203910315EA6}.Debug|Any CPU.Build.0 = Debug|Any CPU
		{DF37124E-D627-442A-98F1-203910315EA6}.Release|Any CPU.ActiveCfg = Release|Any CPU
		{DF37124E-D627-442A-98F1-203910315EA6}.Release|Any CPU.Build.0 = Release|Any CPU
		{A1603AE1-D28A-4A2E-95D0-DA8300D7CE0D}.Debug|Any CPU.ActiveCfg = Debug|Any CPU
		{A1603AE1-D28A-4A2E-95D0-DA8300D7CE0D}.Debug|Any CPU.Build.0 = Debug|Any CPU
		{A1603AE1-D28A-4A2E-95D0-DA8300D7CE0D}.Release|Any CPU.ActiveCfg = Release|Any CPU
		{A1603AE1-D28A-4A2E-95D0-DA8300D7CE0D}.Release|Any CPU.Build.0 = Release|Any CPU
		{0392B0D0-1D8D-46B4-8509-2B51888C5F65}.Debug|Any CPU.ActiveCfg = Debug|Any CPU
		{0392B0D0-1D8D-46B4-8509-2B51888C5F65}.Debug|Any CPU.Build.0 = Debug|Any CPU
		{0392B0D0-1D8D-46B4-8509-2B51888C5F65}.Release|Any CPU.ActiveCfg = Release|Any CPU
		{0392B0D0-1D8D-46B4-8509-2B51888C5F65}.Release|Any CPU.Build.0 = Release|Any CPU
		{3D5620A3-9FD2-4733-A891-BA235D9B789A}.Debug|Any CPU.ActiveCfg = Debug|Any CPU
		{3D5620A3-9FD2-4733-A891-BA235D9B789A}.Debug|Any CPU.Build.0 = Debug|Any CPU
		{3D5620A3-9FD2-4733-A891-BA235D9B789A}.Release|Any CPU.ActiveCfg = Release|Any CPU
		{3D5620A3-9FD2-4733-A891-BA235D9B789A}.Release|Any CPU.Build.0 = Release|Any CPU
		{8CC2A85D-077F-457A-BBDE-088BDA5845FD}.Debug|Any CPU.ActiveCfg = Debug|Any CPU
		{8CC2A85D-077F-457A-BBDE-088BDA5845FD}.Debug|Any CPU.Build.0 = Debug|Any CPU
		{8CC2A85D-077F-457A-BBDE-088BDA5845FD}.Release|Any CPU.ActiveCfg = Release|Any CPU
		{8CC2A85D-077F-457A-BBDE-088BDA5845FD}.Release|Any CPU.Build.0 = Release|Any CPU
		{F6A34B90-BC2B-4E90-BDAE-CCE0F2795B1E}.Debug|Any CPU.ActiveCfg = Debug|Any CPU
		{F6A34B90-BC2B-4E90-BDAE-CCE0F2795B1E}.Debug|Any CPU.Build.0 = Debug|Any CPU
		{F6A34B90-BC2B-4E90-BDAE-CCE0F2795B1E}.Release|Any CPU.ActiveCfg = Release|Any CPU
		{F6A34B90-BC2B-4E90-BDAE-CCE0F2795B1E}.Release|Any CPU.Build.0 = Release|Any CPU
		{9515BC65-1A3C-4A57-B001-EFAA99F56377}.Debug|Any CPU.ActiveCfg = Debug|Any CPU
		{9515BC65-1A3C-4A57-B001-EFAA99F56377}.Debug|Any CPU.Build.0 = Debug|Any CPU
		{9515BC65-1A3C-4A57-B001-EFAA99F56377}.Release|Any CPU.ActiveCfg = Release|Any CPU
		{9515BC65-1A3C-4A57-B001-EFAA99F56377}.Release|Any CPU.Build.0 = Release|Any CPU
		{DBF81B9A-ECFA-46F8-B3C4-09871A8D9BAD}.Debug|Any CPU.ActiveCfg = Debug|Any CPU
		{DBF81B9A-ECFA-46F8-B3C4-09871A8D9BAD}.Debug|Any CPU.Build.0 = Debug|Any CPU
		{DBF81B9A-ECFA-46F8-B3C4-09871A8D9BAD}.Release|Any CPU.ActiveCfg = Release|Any CPU
		{DBF81B9A-ECFA-46F8-B3C4-09871A8D9BAD}.Release|Any CPU.Build.0 = Release|Any CPU
		{786509FF-E62A-4C53-BC5B-B7416356951A}.Debug|Any CPU.ActiveCfg = Debug|Any CPU
		{786509FF-E62A-4C53-BC5B-B7416356951A}.Debug|Any CPU.Build.0 = Debug|Any CPU
		{786509FF-E62A-4C53-BC5B-B7416356951A}.Release|Any CPU.ActiveCfg = Release|Any CPU
		{786509FF-E62A-4C53-BC5B-B7416356951A}.Release|Any CPU.Build.0 = Release|Any CPU
		{39AF717C-316A-421F-9874-5174674D1B72}.Debug|Any CPU.ActiveCfg = Debug|Any CPU
		{39AF717C-316A-421F-9874-5174674D1B72}.Debug|Any CPU.Build.0 = Debug|Any CPU
		{39AF717C-316A-421F-9874-5174674D1B72}.Release|Any CPU.ActiveCfg = Release|Any CPU
		{39AF717C-316A-421F-9874-5174674D1B72}.Release|Any CPU.Build.0 = Release|Any CPU
		{EF0614B0-C84A-4E5F-9B4C-08EE9A78432F}.Debug|Any CPU.ActiveCfg = Debug|Any CPU
		{EF0614B0-C84A-4E5F-9B4C-08EE9A78432F}.Debug|Any CPU.Build.0 = Debug|Any CPU
		{EF0614B0-C84A-4E5F-9B4C-08EE9A78432F}.Release|Any CPU.ActiveCfg = Release|Any CPU
		{EF0614B0-C84A-4E5F-9B4C-08EE9A78432F}.Release|Any CPU.Build.0 = Release|Any CPU
		{ECCEBF0B-F817-43EF-836A-9C9704D55EE4}.Debug|Any CPU.ActiveCfg = Debug|Any CPU
		{ECCEBF0B-F817-43EF-836A-9C9704D55EE4}.Debug|Any CPU.Build.0 = Debug|Any CPU
		{ECCEBF0B-F817-43EF-836A-9C9704D55EE4}.Release|Any CPU.ActiveCfg = Release|Any CPU
		{ECCEBF0B-F817-43EF-836A-9C9704D55EE4}.Release|Any CPU.Build.0 = Release|Any CPU
		{323CC79F-7EE1-4DF6-8D57-9A56D3A3CDDD}.Debug|Any CPU.ActiveCfg = Debug|Any CPU
		{323CC79F-7EE1-4DF6-8D57-9A56D3A3CDDD}.Debug|Any CPU.Build.0 = Debug|Any CPU
		{323CC79F-7EE1-4DF6-8D57-9A56D3A3CDDD}.Release|Any CPU.ActiveCfg = Release|Any CPU
		{323CC79F-7EE1-4DF6-8D57-9A56D3A3CDDD}.Release|Any CPU.Build.0 = Release|Any CPU
		{FF167193-85B6-41B5-8B4B-F8BF5D584843}.Debug|Any CPU.ActiveCfg = Debug|Any CPU
		{FF167193-85B6-41B5-8B4B-F8BF5D584843}.Debug|Any CPU.Build.0 = Debug|Any CPU
		{FF167193-85B6-41B5-8B4B-F8BF5D584843}.Release|Any CPU.ActiveCfg = Release|Any CPU
		{FF167193-85B6-41B5-8B4B-F8BF5D584843}.Release|Any CPU.Build.0 = Release|Any CPU
		{AB7FFD2E-DC2D-4A08-8003-11C22C3F59C6}.Debug|Any CPU.ActiveCfg = Debug|Any CPU
		{AB7FFD2E-DC2D-4A08-8003-11C22C3F59C6}.Debug|Any CPU.Build.0 = Debug|Any CPU
		{AB7FFD2E-DC2D-4A08-8003-11C22C3F59C6}.Release|Any CPU.ActiveCfg = Release|Any CPU
		{AB7FFD2E-DC2D-4A08-8003-11C22C3F59C6}.Release|Any CPU.Build.0 = Release|Any CPU
		{B5BA5A55-07EE-4AFB-A3AC-D7045BAD37D7}.Debug|Any CPU.ActiveCfg = Debug|Any CPU
		{B5BA5A55-07EE-4AFB-A3AC-D7045BAD37D7}.Debug|Any CPU.Build.0 = Debug|Any CPU
		{B5BA5A55-07EE-4AFB-A3AC-D7045BAD37D7}.Release|Any CPU.ActiveCfg = Release|Any CPU
		{B5BA5A55-07EE-4AFB-A3AC-D7045BAD37D7}.Release|Any CPU.Build.0 = Release|Any CPU
	EndGlobalSection
	GlobalSection(SolutionProperties) = preSolution
		HideSolutionNode = FALSE
	EndGlobalSection
	GlobalSection(ExtensibilityGlobals) = postSolution
		SolutionGuid = {FAD377E7-B47E-4EA9-9B5E-A338CF396EB4}
	EndGlobalSection
EndGlobal
