
Microsoft Visual Studio Solution File, Format Version 12.00
# Visual Studio Version 17
VisualStudioVersion = 17.2.32630.192
MinimumVisualStudioVersion = 10.0.40219.1
Project("{9A19103F-16F7-4668-BE54-9A1E7A4F7556}") = "F10Y.L0005", "F10Y.L0005\F10Y.L0005.csproj", "{DB81C788-2BEB-44A2-9551-DBEE44A104F8}"
EndProject
Project("{2150E333-8FDC-42A3-9474-1A3956D46DE8}") = "_Dependencies", "_Dependencies", "{EAF990CB-5F77-4B0E-BA9C-86E2E38698D9}"
EndProject
Project("{9A19103F-16F7-4668-BE54-9A1E7A4F7556}") = "F10Y.L0000", "..\..\F10Y.L0000\source\F10Y.L0000\F10Y.L0000.csproj", "{5D498934-C557-45E2-88FD-B1FFD9207F00}"
EndProject
Project("{9A19103F-16F7-4668-BE54-9A1E7A4F7556}") = "F10Y.T0000", "..\..\F10Y.T0000\source\F10Y.T0000\F10Y.T0000.csproj", "{28CD20D4-E6C8-4482-A158-338A3AB2D553}"
EndProject
Project("{9A19103F-16F7-4668-BE54-9A1E7A4F7556}") = "F10Y.T0001", "..\..\F10Y.T0001\source\F10Y.T0001\F10Y.T0001.csproj", "{07EBDB75-7B51-427B-A9C7-09CE16A0B1A6}"
EndProject
Project("{9A19103F-16F7-4668-BE54-9A1E7A4F7556}") = "F10Y.T0002", "..\..\F10Y.T0002\source\F10Y.T0002\F10Y.T0002.csproj", "{B7E13E29-39D6-4D5E-9F08-862E99E31A32}"
EndProject
Project("{9A19103F-16F7-4668-BE54-9A1E7A4F7556}") = "F10Y.T0003", "..\..\F10Y.T0003\source\F10Y.T0003\F10Y.T0003.csproj", "{DA18E1F0-88A6-44D5-883E-91EEF011E03B}"
EndProject
Project("{9A19103F-16F7-4668-BE54-9A1E7A4F7556}") = "F10Y.T0004", "..\..\F10Y.T0004\source\F10Y.T0004\F10Y.T0004.csproj", "{596390EF-A3A1-4AD3-9597-4BA4316DEED8}"
EndProject
Project("{9A19103F-16F7-4668-BE54-9A1E7A4F7556}") = "F10Y.T0011", "..\..\F10Y.T0011\source\F10Y.T0011\F10Y.T0011.csproj", "{A56C9787-A64F-40E7-BC9C-0FB5EF53973E}"
EndProject
Project("{9A19103F-16F7-4668-BE54-9A1E7A4F7556}") = "F10Y.Y0000", "..\..\F10Y.Y0000\source\F10Y.Y0000\F10Y.Y0000.csproj", "{6FB128FF-651C-4260-A055-63FAA5EABA9C}"
EndProject
Global
	GlobalSection(NestedProjects) = preSolution
		{5D498934-C557-45E2-88FD-B1FFD9207F00} = {EAF990CB-5F77-4B0E-BA9C-86E2E38698D9}
		{28CD20D4-E6C8-4482-A158-338A3AB2D553} = {EAF990CB-5F77-4B0E-BA9C-86E2E38698D9}
		{07EBDB75-7B51-427B-A9C7-09CE16A0B1A6} = {EAF990CB-5F77-4B0E-BA9C-86E2E38698D9}
		{B7E13E29-39D6-4D5E-9F08-862E99E31A32} = {EAF990CB-5F77-4B0E-BA9C-86E2E38698D9}
		{DA18E1F0-88A6-44D5-883E-91EEF011E03B} = {EAF990CB-5F77-4B0E-BA9C-86E2E38698D9}
		{596390EF-A3A1-4AD3-9597-4BA4316DEED8} = {EAF990CB-5F77-4B0E-BA9C-86E2E38698D9}
		{A56C9787-A64F-40E7-BC9C-0FB5EF53973E} = {EAF990CB-5F77-4B0E-BA9C-86E2E38698D9}
		{6FB128FF-651C-4260-A055-63FAA5EABA9C} = {EAF990CB-5F77-4B0E-BA9C-86E2E38698D9}
	EndGlobalSection
	GlobalSection(SolutionConfigurationPlatforms) = preSolution
		Debug|Any CPU = Debug|Any CPU
		Release|Any CPU = Release|Any CPU
	EndGlobalSection
	GlobalSection(ProjectConfigurationPlatforms) = postSolution
		{DB81C788-2BEB-44A2-9551-DBEE44A104F8}.Debug|Any CPU.ActiveCfg = Debug|Any CPU
		{DB81C788-2BEB-44A2-9551-DBEE44A104F8}.Debug|Any CPU.Build.0 = Debug|Any CPU
		{DB81C788-2BEB-44A2-9551-DBEE44A104F8}.Release|Any CPU.ActiveCfg = Release|Any CPU
		{DB81C788-2BEB-44A2-9551-DBEE44A104F8}.Release|Any CPU.Build.0 = Release|Any CPU
		{5D498934-C557-45E2-88FD-B1FFD9207F00}.Debug|Any CPU.ActiveCfg = Debug|Any CPU
		{5D498934-C557-45E2-88FD-B1FFD9207F00}.Debug|Any CPU.Build.0 = Debug|Any CPU
		{5D498934-C557-45E2-88FD-B1FFD9207F00}.Release|Any CPU.ActiveCfg = Release|Any CPU
		{5D498934-C557-45E2-88FD-B1FFD9207F00}.Release|Any CPU.Build.0 = Release|Any CPU
		{28CD20D4-E6C8-4482-A158-338A3AB2D553}.Debug|Any CPU.ActiveCfg = Debug|Any CPU
		{28CD20D4-E6C8-4482-A158-338A3AB2D553}.Debug|Any CPU.Build.0 = Debug|Any CPU
		{28CD20D4-E6C8-4482-A158-338A3AB2D553}.Release|Any CPU.ActiveCfg = Release|Any CPU
		{28CD20D4-E6C8-4482-A158-338A3AB2D553}.Release|Any CPU.Build.0 = Release|Any CPU
		{07EBDB75-7B51-427B-A9C7-09CE16A0B1A6}.Debug|Any CPU.ActiveCfg = Debug|Any CPU
		{07EBDB75-7B51-427B-A9C7-09CE16A0B1A6}.Debug|Any CPU.Build.0 = Debug|Any CPU
		{07EBDB75-7B51-427B-A9C7-09CE16A0B1A6}.Release|Any CPU.ActiveCfg = Release|Any CPU
		{07EBDB75-7B51-427B-A9C7-09CE16A0B1A6}.Release|Any CPU.Build.0 = Release|Any CPU
		{B7E13E29-39D6-4D5E-9F08-862E99E31A32}.Debug|Any CPU.ActiveCfg = Debug|Any CPU
		{B7E13E29-39D6-4D5E-9F08-862E99E31A32}.Debug|Any CPU.Build.0 = Debug|Any CPU
		{B7E13E29-39D6-4D5E-9F08-862E99E31A32}.Release|Any CPU.ActiveCfg = Release|Any CPU
		{B7E13E29-39D6-4D5E-9F08-862E99E31A32}.Release|Any CPU.Build.0 = Release|Any CPU
		{DA18E1F0-88A6-44D5-883E-91EEF011E03B}.Debug|Any CPU.ActiveCfg = Debug|Any CPU
		{DA18E1F0-88A6-44D5-883E-91EEF011E03B}.Debug|Any CPU.Build.0 = Debug|Any CPU
		{DA18E1F0-88A6-44D5-883E-91EEF011E03B}.Release|Any CPU.ActiveCfg = Release|Any CPU
		{DA18E1F0-88A6-44D5-883E-91EEF011E03B}.Release|Any CPU.Build.0 = Release|Any CPU
		{596390EF-A3A1-4AD3-9597-4BA4316DEED8}.Debug|Any CPU.ActiveCfg = Debug|Any CPU
		{596390EF-A3A1-4AD3-9597-4BA4316DEED8}.Debug|Any CPU.Build.0 = Debug|Any CPU
		{596390EF-A3A1-4AD3-9597-4BA4316DEED8}.Release|Any CPU.ActiveCfg = Release|Any CPU
		{596390EF-A3A1-4AD3-9597-4BA4316DEED8}.Release|Any CPU.Build.0 = Release|Any CPU
		{A56C9787-A64F-40E7-BC9C-0FB5EF53973E}.Debug|Any CPU.ActiveCfg = Debug|Any CPU
		{A56C9787-A64F-40E7-BC9C-0FB5EF53973E}.Debug|Any CPU.Build.0 = Debug|Any CPU
		{A56C9787-A64F-40E7-BC9C-0FB5EF53973E}.Release|Any CPU.ActiveCfg = Release|Any CPU
		{A56C9787-A64F-40E7-BC9C-0FB5EF53973E}.Release|Any CPU.Build.0 = Release|Any CPU
		{6FB128FF-651C-4260-A055-63FAA5EABA9C}.Debug|Any CPU.ActiveCfg = Debug|Any CPU
		{6FB128FF-651C-4260-A055-63FAA5EABA9C}.Debug|Any CPU.Build.0 = Debug|Any CPU
		{6FB128FF-651C-4260-A055-63FAA5EABA9C}.Release|Any CPU.ActiveCfg = Release|Any CPU
		{6FB128FF-651C-4260-A055-63FAA5EABA9C}.Release|Any CPU.Build.0 = Release|Any CPU
	EndGlobalSection
	GlobalSection(SolutionProperties) = preSolution
		HideSolutionNode = FALSE
	EndGlobalSection
	GlobalSection(ExtensibilityGlobals) = postSolution
		SolutionGuid = {C2F44768-A6B0-4532-ADD2-E37ECDFF59F8}
	EndGlobalSection
EndGlobal
