
Microsoft Visual Studio Solution File, Format Version 12.00
# Visual Studio Version 17
VisualStudioVersion = 17.2.32630.192
MinimumVisualStudioVersion = 10.0.40219.1
Project("{9A19103F-16F7-4668-BE54-9A1E7A4F7556}") = "F10Y.L0005.Construction", "F10Y.L0005.Construction\F10Y.L0005.Construction.csproj", "{B1D4FEB5-9CB0-4F09-A679-4E441A3B621F}"
EndProject
Project("{9A19103F-16F7-4668-BE54-9A1E7A4F7556}") = "F10Y.L0005", "F10Y.L0005\F10Y.L0005.csproj", "{5DAC03DB-B9CE-4795-9CA6-36E55C4477A1}"
EndProject
Project("{2150E333-8FDC-42A3-9474-1A3956D46DE8}") = "_Dependencies", "_Dependencies", "{128F49B5-2798-4D5D-9C43-89E443157DBD}"
EndProject
Project("{9A19103F-16F7-4668-BE54-9A1E7A4F7556}") = "F10Y.L0000", "..\..\F10Y.L0000\source\F10Y.L0000\F10Y.L0000.csproj", "{FE53D6AF-9A5C-4CEB-A20A-CBD04FDE6049}"
EndProject
Project("{9A19103F-16F7-4668-BE54-9A1E7A4F7556}") = "F10Y.T0000", "..\..\F10Y.T0000\source\F10Y.T0000\F10Y.T0000.csproj", "{1C31ADD1-6EF8-465F-9DAD-3F367E2D8681}"
EndProject
Project("{9A19103F-16F7-4668-BE54-9A1E7A4F7556}") = "F10Y.T0001", "..\..\F10Y.T0001\source\F10Y.T0001\F10Y.T0001.csproj", "{0ADEAE6B-6732-4621-9FF0-07A531961B36}"
EndProject
Project("{9A19103F-16F7-4668-BE54-9A1E7A4F7556}") = "F10Y.T0002", "..\..\F10Y.T0002\source\F10Y.T0002\F10Y.T0002.csproj", "{B68F118B-0246-48BB-86B4-6074C75A8F69}"
EndProject
Project("{9A19103F-16F7-4668-BE54-9A1E7A4F7556}") = "F10Y.T0003", "..\..\F10Y.T0003\source\F10Y.T0003\F10Y.T0003.csproj", "{826197AF-9E51-4846-971E-E3F34F300408}"
EndProject
Project("{9A19103F-16F7-4668-BE54-9A1E7A4F7556}") = "F10Y.T0004", "..\..\F10Y.T0004\source\F10Y.T0004\F10Y.T0004.csproj", "{89F198B6-ACFF-4211-A6EE-76E06EE09E19}"
EndProject
Project("{9A19103F-16F7-4668-BE54-9A1E7A4F7556}") = "F10Y.T0011", "..\..\F10Y.T0011\source\F10Y.T0011\F10Y.T0011.csproj", "{BA0EC87F-0759-4918-976E-212228B28B0F}"
EndProject
Project("{9A19103F-16F7-4668-BE54-9A1E7A4F7556}") = "F10Y.Y0000", "..\..\F10Y.Y0000\source\F10Y.Y0000\F10Y.Y0000.csproj", "{C98F4FD4-B138-4DF5-A55D-0AC11A133EA5}"
EndProject
Global
	GlobalSection(NestedProjects) = preSolution
		{FE53D6AF-9A5C-4CEB-A20A-CBD04FDE6049} = {128F49B5-2798-4D5D-9C43-89E443157DBD}
		{1C31ADD1-6EF8-465F-9DAD-3F367E2D8681} = {128F49B5-2798-4D5D-9C43-89E443157DBD}
		{0ADEAE6B-6732-4621-9FF0-07A531961B36} = {128F49B5-2798-4D5D-9C43-89E443157DBD}
		{B68F118B-0246-48BB-86B4-6074C75A8F69} = {128F49B5-2798-4D5D-9C43-89E443157DBD}
		{826197AF-9E51-4846-971E-E3F34F300408} = {128F49B5-2798-4D5D-9C43-89E443157DBD}
		{89F198B6-ACFF-4211-A6EE-76E06EE09E19} = {128F49B5-2798-4D5D-9C43-89E443157DBD}
		{BA0EC87F-0759-4918-976E-212228B28B0F} = {128F49B5-2798-4D5D-9C43-89E443157DBD}
		{C98F4FD4-B138-4DF5-A55D-0AC11A133EA5} = {128F49B5-2798-4D5D-9C43-89E443157DBD}
	EndGlobalSection
	GlobalSection(SolutionConfigurationPlatforms) = preSolution
		Debug|Any CPU = Debug|Any CPU
		Release|Any CPU = Release|Any CPU
	EndGlobalSection
	GlobalSection(ProjectConfigurationPlatforms) = postSolution
		{B1D4FEB5-9CB0-4F09-A679-4E441A3B621F}.Debug|Any CPU.ActiveCfg = Debug|Any CPU
		{B1D4FEB5-9CB0-4F09-A679-4E441A3B621F}.Debug|Any CPU.Build.0 = Debug|Any CPU
		{B1D4FEB5-9CB0-4F09-A679-4E441A3B621F}.Release|Any CPU.ActiveCfg = Release|Any CPU
		{B1D4FEB5-9CB0-4F09-A679-4E441A3B621F}.Release|Any CPU.Build.0 = Release|Any CPU
		{5DAC03DB-B9CE-4795-9CA6-36E55C4477A1}.Debug|Any CPU.ActiveCfg = Debug|Any CPU
		{5DAC03DB-B9CE-4795-9CA6-36E55C4477A1}.Debug|Any CPU.Build.0 = Debug|Any CPU
		{5DAC03DB-B9CE-4795-9CA6-36E55C4477A1}.Release|Any CPU.ActiveCfg = Release|Any CPU
		{5DAC03DB-B9CE-4795-9CA6-36E55C4477A1}.Release|Any CPU.Build.0 = Release|Any CPU
		{FE53D6AF-9A5C-4CEB-A20A-CBD04FDE6049}.Debug|Any CPU.ActiveCfg = Debug|Any CPU
		{FE53D6AF-9A5C-4CEB-A20A-CBD04FDE6049}.Debug|Any CPU.Build.0 = Debug|Any CPU
		{FE53D6AF-9A5C-4CEB-A20A-CBD04FDE6049}.Release|Any CPU.ActiveCfg = Release|Any CPU
		{FE53D6AF-9A5C-4CEB-A20A-CBD04FDE6049}.Release|Any CPU.Build.0 = Release|Any CPU
		{1C31ADD1-6EF8-465F-9DAD-3F367E2D8681}.Debug|Any CPU.ActiveCfg = Debug|Any CPU
		{1C31ADD1-6EF8-465F-9DAD-3F367E2D8681}.Debug|Any CPU.Build.0 = Debug|Any CPU
		{1C31ADD1-6EF8-465F-9DAD-3F367E2D8681}.Release|Any CPU.ActiveCfg = Release|Any CPU
		{1C31ADD1-6EF8-465F-9DAD-3F367E2D8681}.Release|Any CPU.Build.0 = Release|Any CPU
		{0ADEAE6B-6732-4621-9FF0-07A531961B36}.Debug|Any CPU.ActiveCfg = Debug|Any CPU
		{0ADEAE6B-6732-4621-9FF0-07A531961B36}.Debug|Any CPU.Build.0 = Debug|Any CPU
		{0ADEAE6B-6732-4621-9FF0-07A531961B36}.Release|Any CPU.ActiveCfg = Release|Any CPU
		{0ADEAE6B-6732-4621-9FF0-07A531961B36}.Release|Any CPU.Build.0 = Release|Any CPU
		{B68F118B-0246-48BB-86B4-6074C75A8F69}.Debug|Any CPU.ActiveCfg = Debug|Any CPU
		{B68F118B-0246-48BB-86B4-6074C75A8F69}.Debug|Any CPU.Build.0 = Debug|Any CPU
		{B68F118B-0246-48BB-86B4-6074C75A8F69}.Release|Any CPU.ActiveCfg = Release|Any CPU
		{B68F118B-0246-48BB-86B4-6074C75A8F69}.Release|Any CPU.Build.0 = Release|Any CPU
		{826197AF-9E51-4846-971E-E3F34F300408}.Debug|Any CPU.ActiveCfg = Debug|Any CPU
		{826197AF-9E51-4846-971E-E3F34F300408}.Debug|Any CPU.Build.0 = Debug|Any CPU
		{826197AF-9E51-4846-971E-E3F34F300408}.Release|Any CPU.ActiveCfg = Release|Any CPU
		{826197AF-9E51-4846-971E-E3F34F300408}.Release|Any CPU.Build.0 = Release|Any CPU
		{89F198B6-ACFF-4211-A6EE-76E06EE09E19}.Debug|Any CPU.ActiveCfg = Debug|Any CPU
		{89F198B6-ACFF-4211-A6EE-76E06EE09E19}.Debug|Any CPU.Build.0 = Debug|Any CPU
		{89F198B6-ACFF-4211-A6EE-76E06EE09E19}.Release|Any CPU.ActiveCfg = Release|Any CPU
		{89F198B6-ACFF-4211-A6EE-76E06EE09E19}.Release|Any CPU.Build.0 = Release|Any CPU
		{BA0EC87F-0759-4918-976E-212228B28B0F}.Debug|Any CPU.ActiveCfg = Debug|Any CPU
		{BA0EC87F-0759-4918-976E-212228B28B0F}.Debug|Any CPU.Build.0 = Debug|Any CPU
		{BA0EC87F-0759-4918-976E-212228B28B0F}.Release|Any CPU.ActiveCfg = Release|Any CPU
		{BA0EC87F-0759-4918-976E-212228B28B0F}.Release|Any CPU.Build.0 = Release|Any CPU
		{C98F4FD4-B138-4DF5-A55D-0AC11A133EA5}.Debug|Any CPU.ActiveCfg = Debug|Any CPU
		{C98F4FD4-B138-4DF5-A55D-0AC11A133EA5}.Debug|Any CPU.Build.0 = Debug|Any CPU
		{C98F4FD4-B138-4DF5-A55D-0AC11A133EA5}.Release|Any CPU.ActiveCfg = Release|Any CPU
		{C98F4FD4-B138-4DF5-A55D-0AC11A133EA5}.Release|Any CPU.Build.0 = Release|Any CPU
	EndGlobalSection
	GlobalSection(SolutionProperties) = preSolution
		HideSolutionNode = FALSE
	EndGlobalSection
	GlobalSection(ExtensibilityGlobals) = postSolution
		SolutionGuid = {FAD377E7-B47E-4EA9-9B5E-A338CF396EB4}
	EndGlobalSection
EndGlobal
