
Microsoft Visual Studio Solution File, Format Version 12.00
# Visual Studio Version 17
VisualStudioVersion = 17.2.32630.192
MinimumVisualStudioVersion = 10.0.40219.1
Project("{9A19103F-16F7-4668-BE54-9A1E7A4F7556}") = "F10Y.L0005.Construction", "F10Y.L0005.Construction\F10Y.L0005.Construction.csproj", "{B1D4FEB5-9CB0-4F09-A679-4E441A3B621F}"
EndProject
Project("{9A19103F-16F7-4668-BE54-9A1E7A4F7556}") = "F10Y.L0005", "F10Y.L0005\F10Y.L0005.csproj", "{5DAC03DB-B9CE-4795-9CA6-36E55C4477A1}"
EndProject
Global
	GlobalSection(SolutionConfigurationPlatforms) = preSolution
		Debug|Any CPU = Debug|Any CPU
		Release|Any CPU = Release|Any CPU
	EndGlobalSection
	GlobalSection(ProjectConfigurationPlatforms) = postSolution
		{B1D4FEB5-9CB0-4F09-A679-4E441A3B621F}.Debug|Any CPU.ActiveCfg = Debug|Any CPU
		{B1D4FEB5-9CB0-4F09-A679-4E441A3B621F}.Debug|Any CPU.Build.0 = Debug|Any CPU
		{B1D4FEB5-9CB0-4F09-A679-4E441A3B621F}.Release|Any CPU.ActiveCfg = Release|Any CPU
		{B1D4FEB5-9CB0-4F09-A679-4E441A3B621F}.Release|Any CPU.Build.0 = Release|Any CPU
		{5DAC03DB-B9CE-4795-9CA6-36E55C4477A1}.Debug|Any CPU.ActiveCfg = Debug|Any CPU
		{5DAC03DB-B9CE-4795-9CA6-36E55C4477A1}.Debug|Any CPU.Build.0 = Debug|Any CPU
		{5DAC03DB-B9CE-4795-9CA6-36E55C4477A1}.Release|Any CPU.ActiveCfg = Release|Any CPU
		{5DAC03DB-B9CE-4795-9CA6-36E55C4477A1}.Release|Any CPU.Build.0 = Release|Any CPU
	EndGlobalSection
	GlobalSection(SolutionProperties) = preSolution
		HideSolutionNode = FALSE
	EndGlobalSection
	GlobalSection(ExtensibilityGlobals) = postSolution
		SolutionGuid = {FAD377E7-B47E-4EA9-9B5E-A338CF396EB4}
	EndGlobalSection
EndGlobal
